// !$*UTF8*$!
{
	archiveVersion = 1;
	classes = {
	};
	objectVersion = 56;
	objects = {

/* Begin PBXBuildFile section */
		0F79D86629E4E459001D3A8C /* ToDoDetailTableViewController.swift in Sources */ = {isa = PBXBuildFile; fileRef = 0F79D86529E4E459001D3A8C /* ToDoDetailTableViewController.swift */; };
		0F79D86829E542DA001D3A8C /* ToDoCell.swift in Sources */ = {isa = PBXBuildFile; fileRef = 0F79D86729E542DA001D3A8C /* ToDoCell.swift */; };
		0FE07A4929C4C0A100EEDE7E /* AppDelegate.swift in Sources */ = {isa = PBXBuildFile; fileRef = 0FE07A4829C4C0A100EEDE7E /* AppDelegate.swift */; };
		0FE07A4B29C4C0A100EEDE7E /* SceneDelegate.swift in Sources */ = {isa = PBXBuildFile; fileRef = 0FE07A4A29C4C0A100EEDE7E /* SceneDelegate.swift */; };
		0FE07A4D29C4C0A100EEDE7E /* ViewController.swift in Sources */ = {isa = PBXBuildFile; fileRef = 0FE07A4C29C4C0A100EEDE7E /* ViewController.swift */; };
		0FE07A5029C4C0A100EEDE7E /* Main.storyboard in Resources */ = {isa = PBXBuildFile; fileRef = 0FE07A4E29C4C0A100EEDE7E /* Main.storyboard */; };
		0FE07A5229C4C0A100EEDE7E /* Assets.xcassets in Resources */ = {isa = PBXBuildFile; fileRef = 0FE07A5129C4C0A100EEDE7E /* Assets.xcassets */; };
		0FE07A5529C4C0A100EEDE7E /* LaunchScreen.storyboard in Resources */ = {isa = PBXBuildFile; fileRef = 0FE07A5329C4C0A100EEDE7E /* LaunchScreen.storyboard */; };
		0FE07A5D29C4C1B200EEDE7E /* ToDo.swift in Sources */ = {isa = PBXBuildFile; fileRef = 0FE07A5C29C4C1B200EEDE7E /* ToDo.swift */; };
		0FE07A5F29C4C41700EEDE7E /* ToDoTableViewController.swift in Sources */ = {isa = PBXBuildFile; fileRef = 0FE07A5E29C4C41700EEDE7E /* ToDoTableViewController.swift */; };
/* End PBXBuildFile section */

/* Begin PBXFileReference section */
		0F79D86529E4E459001D3A8C /* ToDoDetailTableViewController.swift */ = {isa = PBXFileReference; lastKnownFileType = sourcecode.swift; path = ToDoDetailTableViewController.swift; sourceTree = "<group>"; };
		0F79D86729E542DA001D3A8C /* ToDoCell.swift */ = {isa = PBXFileReference; lastKnownFileType = sourcecode.swift; path = ToDoCell.swift; sourceTree = "<group>"; };
		0FE07A4529C4C0A100EEDE7E /* listProject.app */ = {isa = PBXFileReference; explicitFileType = wrapper.application; includeInIndex = 0; path = listProject.app; sourceTree = BUILT_PRODUCTS_DIR; };
		0FE07A4829C4C0A100EEDE7E /* AppDelegate.swift */ = {isa = PBXFileReference; lastKnownFileType = sourcecode.swift; path = AppDelegate.swift; sourceTree = "<group>"; };
		0FE07A4A29C4C0A100EEDE7E /* SceneDelegate.swift */ = {isa = PBXFileReference; lastKnownFileType = sourcecode.swift; path = SceneDelegate.swift; sourceTree = "<group>"; };
		0FE07A4C29C4C0A100EEDE7E /* ViewController.swift */ = {isa = PBXFileReference; lastKnownFileType = sourcecode.swift; path = ViewController.swift; sourceTree = "<group>"; };
		0FE07A4F29C4C0A100EEDE7E /* Base */ = {isa = PBXFileReference; lastKnownFileType = file.storyboard; name = Base; path = Base.lproj/Main.storyboard; sourceTree = "<group>"; };
		0FE07A5129C4C0A100EEDE7E /* Assets.xcassets */ = {isa = PBXFileReference; lastKnownFileType = folder.assetcatalog; path = Assets.xcassets; sourceTree = "<group>"; };
		0FE07A5429C4C0A100EEDE7E /* Base */ = {isa = PBXFileReference; lastKnownFileType = file.storyboard; name = Base; path = Base.lproj/LaunchScreen.storyboard; sourceTree = "<group>"; };
		0FE07A5629C4C0A100EEDE7E /* Info.plist */ = {isa = PBXFileReference; lastKnownFileType = text.plist.xml; path = Info.plist; sourceTree = "<group>"; };
		0FE07A5C29C4C1B200EEDE7E /* ToDo.swift */ = {isa = PBXFileReference; lastKnownFileType = sourcecode.swift; path = ToDo.swift; sourceTree = "<group>"; };
		0FE07A5E29C4C41700EEDE7E /* ToDoTableViewController.swift */ = {isa = PBXFileReference; lastKnownFileType = sourcecode.swift; path = ToDoTableViewController.swift; sourceTree = "<group>"; };
/* End PBXFileReference section */

/* Begin PBXFrameworksBuildPhase section */
		0FE07A4229C4C0A100EEDE7E /* Frameworks */ = {
			isa = PBXFrameworksBuildPhase;
			buildActionMask = 2147483647;
			files = (
			);
			runOnlyForDeploymentPostprocessing = 0;
		};
/* End PBXFrameworksBuildPhase section */

/* Begin PBXGroup section */
		0FE07A3C29C4C0A100EEDE7E = {
			isa = PBXGroup;
			children = (
				0FE07A4729C4C0A100EEDE7E /* listProject */,
				0FE07A4629C4C0A100EEDE7E /* Products */,
			);
			sourceTree = "<group>";
		};
		0FE07A4629C4C0A100EEDE7E /* Products */ = {
			isa = PBXGroup;
			children = (
				0FE07A4529C4C0A100EEDE7E /* listProject.app */,
			);
			name = Products;
			sourceTree = "<group>";
		};
		0FE07A4729C4C0A100EEDE7E /* listProject */ = {
			isa = PBXGroup;
			children = (
				0FE07A4829C4C0A100EEDE7E /* AppDelegate.swift */,
				0FE07A4A29C4C0A100EEDE7E /* SceneDelegate.swift */,
				0FE07A4C29C4C0A100EEDE7E /* ViewController.swift */,
				0FE07A5C29C4C1B200EEDE7E /* ToDo.swift */,
				0F79D86729E542DA001D3A8C /* ToDoCell.swift */,
				0FE07A5E29C4C41700EEDE7E /* ToDoTableViewController.swift */,
				0F79D86529E4E459001D3A8C /* ToDoDetailTableViewController.swift */,
				0FE07A4E29C4C0A100EEDE7E /* Main.storyboard */,
				0FE07A5329C4C0A100EEDE7E /* LaunchScreen.storyboard */,
				0FE07A5629C4C0A100EEDE7E /* Info.plist */,
				0FE07A5129C4C0A100EEDE7E /* Assets.xcassets */,
			);
			path = listProject;
			sourceTree = "<group>";
		};
/* End PBXGroup section */

/* Begin PBXNativeTarget section */
		0FE07A4429C4C0A100EEDE7E /* listProject */ = {
			isa = PBXNativeTarget;
			buildConfigurationList = 0FE07A5929C4C0A100EEDE7E /* Build configuration list for PBXNativeTarget "listProject" */;
			buildPhases = (
				0FE07A4129C4C0A100EEDE7E /* Sources */,
				0FE07A4229C4C0A100EEDE7E /* Frameworks */,
				0FE07A4329C4C0A100EEDE7E /* Resources */,
			);
			buildRules = (
			);
			dependencies = (
			);
			name = listProject;
			productName = listProject;
			productReference = 0FE07A4529C4C0A100EEDE7E /* listProject.app */;
			productType = "com.apple.product-type.application";
		};
/* End PBXNativeTarget section */

/* Begin PBXProject section */
		0FE07A3D29C4C0A100EEDE7E /* Project object */ = {
			isa = PBXProject;
			attributes = {
				BuildIndependentTargetsInParallel = 1;
				LastSwiftUpdateCheck = 1420;
				LastUpgradeCheck = 1420;
				TargetAttributes = {
					0FE07A4429C4C0A100EEDE7E = {
						CreatedOnToolsVersion = 14.2;
					};
				};
			};
			buildConfigurationList = 0FE07A4029C4C0A100EEDE7E /* Build configuration list for PBXProject "listProject" */;
			compatibilityVersion = "Xcode 14.0";
			developmentRegion = en;
			hasScannedForEncodings = 0;
			knownRegions = (
				en,
				Base,
			);
			mainGroup = 0FE07A3C29C4C0A100EEDE7E;
			productRefGroup = 0FE07A4629C4C0A100EEDE7E /* Products */;
			projectDirPath = "";
			projectRoot = "";
			targets = (
				0FE07A4429C4C0A100EEDE7E /* listProject */,
			);
		};
/* End PBXProject section */

/* Begin PBXResourcesBuildPhase section */
		0FE07A4329C4C0A100EEDE7E /* Resources */ = {
			isa = PBXResourcesBuildPhase;
			buildActionMask = 2147483647;
			files = (
				0FE07A5529C4C0A100EEDE7E /* LaunchScreen.storyboard in Resources */,
				0FE07A5229C4C0A100EEDE7E /* Assets.xcassets in Resources */,
				0FE07A5029C4C0A100EEDE7E /* Main.storyboard in Resources */,
			);
			runOnlyForDeploymentPostprocessing = 0;
		};
/* End PBXResourcesBuildPhase section */

/* Begin PBXSourcesBuildPhase section */
		0FE07A4129C4C0A100EEDE7E /* Sources */ = {
			isa = PBXSourcesBuildPhase;
			buildActionMask = 2147483647;
			files = (
				0F79D86629E4E459001D3A8C /* ToDoDetailTableViewController.swift in Sources */,
				0FE07A4D29C4C0A100EEDE7E /* ViewController.swift in Sources */,
				0F79D86829E542DA001D3A8C /* ToDoCell.swift in Sources */,
				0FE07A4929C4C0A100EEDE7E /* AppDelegate.swift in Sources */,
				0FE07A4B29C4C0A100EEDE7E /* SceneDelegate.swift in Sources */,
				0FE07A5D29C4C1B200EEDE7E /* ToDo.swift in Sources */,
				0FE07A5F29C4C41700EEDE7E /* ToDoTableViewController.swift in Sources */,
			);
			runOnlyForDeploymentPostprocessing = 0;
		};
/* End PBXSourcesBuildPhase section */

/* Begin PBXVariantGroup section */
		0FE07A4E29C4C0A100EEDE7E /* Main.storyboard */ = {
			isa = PBXVariantGroup;
			children = (
				0FE07A4F29C4C0A100EEDE7E /* Base */,
			);
			name = Main.storyboard;
			sourceTree = "<group>";
		};
		0FE07A5329C4C0A100EEDE7E /* LaunchScreen.storyboard */ = {
			isa = PBXVariantGroup;
			children = (
				0FE07A5429C4C0A100EEDE7E /* Base */,
			);
			name = LaunchScreen.storyboard;
			sourceTree = "<group>";
		};
/* End PBXVariantGroup section */

/* Begin XCBuildConfiguration section */
		0FE07A5729C4C0A100EEDE7E /* Debug */ = {
			isa = XCBuildConfiguration;
			buildSettings = {
				ALWAYS_SEARCH_USER_PATHS = NO;
				CLANG_ANALYZER_NONNULL = YES;
				CLANG_ANALYZER_NUMBER_OBJECT_CONVERSION = YES_AGGRESSIVE;
				CLANG_CXX_LANGUAGE_STANDARD = "gnu++20";
				CLANG_ENABLE_MODULES = YES;
				CLANG_ENABLE_OBJC_ARC = YES;
				CLANG_ENABLE_OBJC_WEAK = YES;
				CLANG_WARN_BLOCK_CAPTURE_AUTORELEASING = YES;
				CLANG_WARN_BOOL_CONVERSION = YES;
				CLANG_WARN_COMMA = YES;
				CLANG_WARN_CONSTANT_CONVERSION = YES;
				CLANG_WARN_DEPRECATED_OBJC_IMPLEMENTATIONS = YES;
				CLANG_WARN_DIRECT_OBJC_ISA_USAGE = YES_ERROR;
				CLANG_WARN_DOCUMENTATION_COMMENTS = YES;
				CLANG_WARN_EMPTY_BODY = YES;
				CLANG_WARN_ENUM_CONVERSION = YES;
				CLANG_WARN_INFINITE_RECURSION = YES;
				CLANG_WARN_INT_CONVERSION = YES;
				CLANG_WARN_NON_LITERAL_NULL_CONVERSION = YES;
				CLANG_WARN_OBJC_IMPLICIT_RETAIN_SELF = YES;
				CLANG_WARN_OBJC_LITERAL_CONVERSION = YES;
				CLANG_WARN_OBJC_ROOT_CLASS = YES_ERROR;
				CLANG_WARN_QUOTED_INCLUDE_IN_FRAMEWORK_HEADER = YES;
				CLANG_WARN_RANGE_LOOP_ANALYSIS = YES;
				CLANG_WARN_STRICT_PROTOTYPES = YES;
				CLANG_WARN_SUSPICIOUS_MOVE = YES;
				CLANG_WARN_UNGUARDED_AVAILABILITY = YES_AGGRESSIVE;
				CLANG_WARN_UNREACHABLE_CODE = YES;
				CLANG_WARN__DUPLICATE_METHOD_MATCH = YES;
				COPY_PHASE_STRIP = NO;
				DEBUG_INFORMATION_FORMAT = dwarf;
				ENABLE_STRICT_OBJC_MSGSEND = YES;
				ENABLE_TESTABILITY = YES;
				GCC_C_LANGUAGE_STANDARD = gnu11;
				GCC_DYNAMIC_NO_PIC = NO;
				GCC_NO_COMMON_BLOCKS = YES;
				GCC_OPTIMIZATION_LEVEL = 0;
				GCC_PREPROCESSOR_DEFINITIONS = (
					"DEBUG=1",
					"$(inherited)",
				);
				GCC_WARN_64_TO_32_BIT_CONVERSION = YES;
				GCC_WARN_ABOUT_RETURN_TYPE = YES_ERROR;
				GCC_WARN_UNDECLARED_SELECTOR = YES;
				GCC_WARN_UNINITIALIZED_AUTOS = YES_AGGRESSIVE;
				GCC_WARN_UNUSED_FUNCTION = YES;
				GCC_WARN_UNUSED_VARIABLE = YES;
				IPHONEOS_DEPLOYMENT_TARGET = 16.2;
				MTL_ENABLE_DEBUG_INFO = INCLUDE_SOURCE;
				MTL_FAST_MATH = YES;
				ONLY_ACTIVE_ARCH = YES;
				SDKROOT = iphoneos;
				SWIFT_ACTIVE_COMPILATION_CONDITIONS = DEBUG;
				SWIFT_OPTIMIZATION_LEVEL = "-Onone";
			};
			name = Debug;
		};
		0FE07A5829C4C0A100EEDE7E /* Release */ = {
			isa = XCBuildConfiguration;
			buildSettings = {
				ALWAYS_SEARCH_USER_PATHS = NO;
				CLANG_ANALYZER_NONNULL = YES;
				CLANG_ANALYZER_NUMBER_OBJECT_CONVERSION = YES_AGGRESSIVE;
				CLANG_CXX_LANGUAGE_STANDARD = "gnu++20";
				CLANG_ENABLE_MODULES = YES;
				CLANG_ENABLE_OBJC_ARC = YES;
				CLANG_ENABLE_OBJC_WEAK = YES;
				CLANG_WARN_BLOCK_CAPTURE_AUTORELEASING = YES;
				CLANG_WARN_BOOL_CONVERSION = YES;
				CLANG_WARN_COMMA = YES;
				CLANG_WARN_CONSTANT_CONVERSION = YES;
				CLANG_WARN_DEPRECATED_OBJC_IMPLEMENTATIONS = YES;
				CLANG_WARN_DIRECT_OBJC_ISA_USAGE = YES_ERROR;
				CLANG_WARN_DOCUMENTATION_COMMENTS = YES;
				CLANG_WARN_EMPTY_BODY = YES;
				CLANG_WARN_ENUM_CONVERSION = YES;
				CLANG_WARN_INFINITE_RECURSION = YES;
				CLANG_WARN_INT_CONVERSION = YES;
				CLANG_WARN_NON_LITERAL_NULL_CONVERSION = YES;
				CLANG_WARN_OBJC_IMPLICIT_RETAIN_SELF = YES;
				CLANG_WARN_OBJC_LITERAL_CONVERSION = YES;
				CLANG_WARN_OBJC_ROOT_CLASS = YES_ERROR;
				CLANG_WARN_QUOTED_INCLUDE_IN_FRAMEWORK_HEADER = YES;
				CLANG_WARN_RANGE_LOOP_ANALYSIS = YES;
				CLANG_WARN_STRICT_PROTOTYPES = YES;
				CLANG_WARN_SUSPICIOUS_MOVE = YES;
				CLANG_WARN_UNGUARDED_AVAILABILITY = YES_AGGRESSIVE;
				CLANG_WARN_UNREACHABLE_CODE = YES;
				CLANG_WARN__DUPLICATE_METHOD_MATCH = YES;
				COPY_PHASE_STRIP = NO;
				DEBUG_INFORMATION_FORMAT = "dwarf-with-dsym";
				ENABLE_NS_ASSERTIONS = NO;
				ENABLE_STRICT_OBJC_MSGSEND = YES;
				GCC_C_LANGUAGE_STANDARD = gnu11;
				GCC_NO_COMMON_BLOCKS = YES;
				GCC_WARN_64_TO_32_BIT_CONVERSION = YES;
				GCC_WARN_ABOUT_RETURN_TYPE = YES_ERROR;
				GCC_WARN_UNDECLARED_SELECTOR = YES;
				GCC_WARN_UNINITIALIZED_AUTOS = YES_AGGRESSIVE;
				GCC_WARN_UNUSED_FUNCTION = YES;
				GCC_WARN_UNUSED_VARIABLE = YES;
				IPHONEOS_DEPLOYMENT_TARGET = 16.2;
				MTL_ENABLE_DEBUG_INFO = NO;
				MTL_FAST_MATH = YES;
				SDKROOT = iphoneos;
				SWIFT_COMPILATION_MODE = wholemodule;
				SWIFT_OPTIMIZATION_LEVEL = "-O";
				VALIDATE_PRODUCT = YES;
			};
			name = Release;
		};
		0FE07A5A29C4C0A100EEDE7E /* Debug */ = {
			isa = XCBuildConfiguration;
			buildSettings = {
				ASSETCATALOG_COMPILER_APPICON_NAME = AppIcon;
				ASSETCATALOG_COMPILER_GLOBAL_ACCENT_COLOR_NAME = AccentColor;
				CODE_SIGN_STYLE = Automatic;
				CURRENT_PROJECT_VERSION = 1;
				DEVELOPMENT_TEAM = 5AZLB7LVQ2;
				GENERATE_INFOPLIST_FILE = YES;
				INFOPLIST_FILE = listProject/Info.plist;
				INFOPLIST_KEY_UIApplicationSupportsIndirectInputEvents = YES;
				INFOPLIST_KEY_UILaunchStoryboardName = LaunchScreen;
				INFOPLIST_KEY_UIMainStoryboardFile = Main;
				INFOPLIST_KEY_UISupportedInterfaceOrientations_iPad = "UIInterfaceOrientationPortrait UIInterfaceOrientationPortraitUpsideDown UIInterfaceOrientationLandscapeLeft UIInterfaceOrientationLandscapeRight";
				INFOPLIST_KEY_UISupportedInterfaceOrientations_iPhone = "UIInterfaceOrientationPortrait UIInterfaceOrientationLandscapeLeft UIInterfaceOrientationLandscapeRight";
				LD_RUNPATH_SEARCH_PATHS = (
					"$(inherited)",
					"@executable_path/Frameworks",
				);
				MARKETING_VERSION = 1.0;
				PRODUCT_BUNDLE_IDENTIFIER = "kole-company.listProject";
				PRODUCT_NAME = "$(TARGET_NAME)";
				SWIFT_EMIT_LOC_STRINGS = YES;
				SWIFT_VERSION = 5.0;
				TARGETED_DEVICE_FAMILY = "1,2";
			};
			name = Debug;
		};
		0FE07A5B29C4C0A100EEDE7E /* Release */ = {
			isa = XCBuildConfiguration;
			buildSettings = {
				ASSETCATALOG_COMPILER_APPICON_NAME = AppIcon;
				ASSETCATALOG_COMPILER_GLOBAL_ACCENT_COLOR_NAME = AccentColor;
				CODE_SIGN_STYLE = Automatic;
				CURRENT_PROJECT_VERSION = 1;
				DEVELOPMENT_TEAM = 5AZLB7LVQ2;
				GENERATE_INFOPLIST_FILE = YES;
				INFOPLIST_FILE = listProject/Info.plist;
				INFOPLIST_KEY_UIApplicationSupportsIndirectInputEvents = YES;
				INFOPLIST_KEY_UILaunchStoryboardName = LaunchScreen;
				INFOPLIST_KEY_UIMainStoryboardFile = Main;
				INFOPLIST_KEY_UISupportedInterfaceOrientations_iPad = "UIInterfaceOrientationPortrait UIInterfaceOrientationPortraitUpsideDown UIInterfaceOrientationLandscapeLeft UIInterfaceOrientationLandscapeRight";
				INFOPLIST_KEY_UISupportedInterfaceOrientations_iPhone = "UIInterfaceOrientationPortrait UIInterfaceOrientationLandscapeLeft UIInterfaceOrientationLandscapeRight";
				LD_RUNPATH_SEARCH_PATHS = (
					"$(inherited)",
					"@executable_path/Frameworks",
				);
				MARKETING_VERSION = 1.0;
				PRODUCT_BUNDLE_IDENTIFIER = "kole-company.listProject";
				PRODUCT_NAME = "$(TARGET_NAME)";
				SWIFT_EMIT_LOC_STRINGS = YES;
				SWIFT_VERSION = 5.0;
				TARGETED_DEVICE_FAMILY = "1,2";
			};
			name = Release;
		};
/* End XCBuildConfiguration section */

/* Begin XCConfigurationList section */
		0FE07A4029C4C0A100EEDE7E /* Build configuration list for PBXProject "listProject" */ = {
			isa = XCConfigurationList;
			buildConfigurations = (
				0FE07A5729C4C0A100EEDE7E /* Debug */,
				0FE07A5829C4C0A100EEDE7E /* Release */,
			);
			defaultConfigurationIsVisible = 0;
			defaultConfigurationName = Release;
		};
		0FE07A5929C4C0A100EEDE7E /* Build configuration list for PBXNativeTarget "listProject" */ = {
			isa = XCConfigurationList;
			buildConfigurations = (
				0FE07A5A29C4C0A100EEDE7E /* Debug */,
				0FE07A5B29C4C0A100EEDE7E /* Release */,
			);
			defaultConfigurationIsVisible = 0;
			defaultConfigurationName = Release;
		};
/* End XCConfigurationList section */
	};
	rootObject = 0FE07A3D29C4C0A100EEDE7E /* Project object */;
}
